
Microsoft Visual Studio Solution File, Format Version 12.00
# Visual Studio Version 16
VisualStudioVersion = 16.0.30413.136
MinimumVisualStudioVersion = 10.0.40219.1
Project("{FAE04EC0-301F-11D3-BF4B-00C04F79EFBC}") = "Taika", "Taika\Taika.csproj", "{E2C4846A-D717-481D-A6BB-6CE000DB75FD}"
EndProject
Global
	GlobalSection(SolutionConfigurationPlatforms) = preSolution
		Debug|Any CPU = Debug|Any CPU
		Release|Any CPU = Release|Any CPU
	EndGlobalSection
	GlobalSection(ProjectConfigurationPlatforms) = postSolution
		{E2C4846A-D717-481D-A6BB-6CE000DB75FD}.Debug|Any CPU.ActiveCfg = Debug|Any CPU
		{E2C4846A-D717-481D-A6BB-6CE000DB75FD}.Debug|Any CPU.Build.0 = Debug|Any CPU
		{E2C4846A-D717-481D-A6BB-6CE000DB75FD}.Release|Any CPU.ActiveCfg = Release|Any CPU
		{E2C4846A-D717-481D-A6BB-6CE000DB75FD}.Release|Any CPU.Build.0 = Release|Any CPU
	EndGlobalSection
	GlobalSection(SolutionProperties) = preSolution
		HideSolutionNode = FALSE
	EndGlobalSection
	GlobalSection(ExtensibilityGlobals) = postSolution
		SolutionGuid = {0BEDEDB8-818C-4E03-8273-D696935E4AF5}
	EndGlobalSection
EndGlobal
